{
  "name": "autoaudit-demo",
  "lockfileVersion": 3,
  "packages": {
    "node_modules/pkg0": {
      "version": "1.0.0",
      "resolved": "https://registry.npmjs.org/x"
    },
    "node_modules/pkg1": {
      "version": "1.0.0",
      "resolved": "https://registry.npmjs.org/x"
    },
    "node_modules/pkg2": {
      "version": "1.0.0",
      "resolved": "https://registry.npmjs.org/x"
    },
    "node_modules/pkg3": {
      "version": "1.0.0",
      "resolved": "https://registry.npmjs.org/x"
    },
    "node_modules/pkg4": {
      "version": "1.0.0",
      "resolved": "https://registry.npmjs.org/x"
    },
    "node_modules/pkg5": {
      "version": "1.0.0",
      "resolved": "https://registry.npmjs.org/x"
    },
    "node_modules/pkg6": {
      "version": "1.0.0",
      "resolved": "https://registry.npmjs.org/x"
    },
    "node_modules/pkg7": {
      "version": "1.0.0",
      "resolved": "https://registry.npmjs.org/x"
    },
    "node_modules/pkg8": {
      "version": "1.0.0",
      "resolved": "https://registry.npmjs.org/x"
    },
    "node_modules/pkg9": {
      "version": "1.0.0",
      "resolved": "https://registry.npmjs.org/x"
    },
    "node_modules/pkg10": {
      "version": "1.0.0",
      "resolved": "https://registry.npmjs.org/x"
    },
    "node_modules/pkg11": {
      "version": "1.0.0",
      "resolved": "https://registry.npmjs.org/x"
    },
    "node_modules/pkg12": {
      "version": "1.0.0",
      "resolved": "https://registry.npmjs.org/x"
    },
    "node_modules/pkg13": {
      "version": "1.0.0",
      "resolved": "https://registry.npmjs.org/x"
    },
    "node_modules/pkg14": {
      "version": "1.0.0",
      "resolved": "https://registry.npmjs.org/x"
    },
    "node_modules/pkg15": {
      "version": "1.0.0",
      "resolved": "https://registry.npmjs.org/x"
    },
    "node_modules/pkg16": {
      "version": "1.0.0",
      "resolved": "https://registry.npmjs.org/x"
    },
    "node_modules/pkg17": {
      "version": "1.0.0",
      "resolved": "https://registry.npmjs.org/x"
    },
    "node_modules/pkg18": {
      "version": "1.0.0",
      "resolved": "https://registry.npmjs.org/x"
    },
    "node_modules/pkg19": {
      "version": "1.0.0",
      "resolved": "https://registry.npmjs.org/x"
    },
    "node_modules/pkg20": {
      "version": "1.0.0",
      "resolved": "https://registry.npmjs.org/x"
    },
    "node_modules/pkg21": {
      "version": "1.0.0",
      "resolved": "https://registry.npmjs.org/x"
    },
    "node_modules/pkg22": {
      "version": "1.0.0",
      "resolved": "https://registry.npmjs.org/x"
    },
    "node_modules/pkg23": {
      "version": "1.0.0",
      "resolved": "https://registry.npmjs.org/x"
    },
    "node_modules/pkg24": {
      "version": "1.0.0",
      "resolved": "https://registry.npmjs.org/x"
    },
    "node_modules/pkg25": {
      "version": "1.0.0",
      "resolved": "https://registry.npmjs.org/x"
    },
    "node_modules/pkg26": {
      "version": "1.0.0",
      "resolved": "https://registry.npmjs.org/x"
    },
    "node_modules/pkg27": {
      "version": "1.0.0",
      "resolved": "https://registry.npmjs.org/x"
    },
    "node_modules/pkg28": {
      "version": "1.0.0",
      "resolved": "https://registry.npmjs.org/x"
    },
    "node_modules/pkg29": {
      "version": "1.0.0",
      "resolved": "https://registry.npmjs.org/x"
    },
    "node_modules/pkg30": {
      "version": "1.0.0",
      "resolved": "https://registry.npmjs.org/x"
    },
    "node_modules/pkg31": {
      "version": "1.0.0",
      "resolved": "https://registry.npmjs.org/x"
    },
    "node_modules/pkg32": {
      "version": "1.0.0",
      "resolved": "https://registry.npmjs.org/x"
    },
    "node_modules/pkg33": {
      "version": "1.0.0",
      "resolved": "https://registry.npmjs.org/x"
    },
    "node_modules/pkg34": {
      "version": "1.0.0",
      "resolved": "https://registry.npmjs.org/x"
    },
    "node_modules/pkg35": {
      "version": "1.0.0",
      "resolved": "https://registry.npmjs.org/x"
    },
    "node_modules/pkg36": {
      "version": "1.0.0",
      "resolved": "https://registry.npmjs.org/x"
    },
    "node_modules/pkg37": {
      "version": "1.0.0",
      "resolved": "https://registry.npmjs.org/x"
    },
    "node_modules/pkg38": {
      "version": "1.0.0",
      "resolved": "https://registry.npmjs.org/x"
    },
    "node_modules/pkg39": {
      "version": "1.0.0",
      "resolved": "https://registry.npmjs.org/x"
    },
    "node_modules/pkg40": {
      "version": "1.0.0",
      "resolved": "https://registry.npmjs.org/x"
    },
    "node_modules/pkg41": {
      "version": "1.0.0",
      "resolved": "https://registry.npmjs.org/x"
    },
    "node_modules/pkg42": {
      "version": "1.0.0",
      "resolved": "https://registry.npmjs.org/x"
    },
    "node_modules/pkg43": {
      "version": "1.0.0",
      "resolved": "https://registry.npmjs.org/x"
    },
    "node_modules/pkg44": {
      "version": "1.0.0",
      "resolved": "https://registry.npmjs.org/x"
    },
    "node_modules/pkg45": {
      "version": "1.0.0",
      "resolved": "https://registry.npmjs.org/x"
    },
    "node_modules/pkg46": {
      "version": "1.0.0",
      "resolved": "https://registry.npmjs.org/x"
    },
    "node_modules/pkg47": {
      "version": "1.0.0",
      "resolved": "https://registry.npmjs.org/x"
    },
    "node_modules/pkg48": {
      "version": "1.0.0",
      "resolved": "https://registry.npmjs.org/x"
    },
    "node_modules/pkg49": {
      "version": "1.0.0",
      "resolved": "https://registry.npmjs.org/x"
    },
    "node_modules/pkg50": {
      "version": "1.0.0",
      "resolved": "https://registry.npmjs.org/x"
    },
    "node_modules/pkg51": {
      "version": "1.0.0",
      "resolved": "https://registry.npmjs.org/x"
    },
    "node_modules/pkg52": {
      "version": "1.0.0",
      "resolved": "https://registry.npmjs.org/x"
    },
    "node_modules/pkg53": {
      "version": "1.0.0",
      "resolved": "https://registry.npmjs.org/x"
    },
    "node_modules/pkg54": {
      "version": "1.0.0",
      "resolved": "https://registry.npmjs.org/x"
    },
    "node_modules/pkg55": {
      "version": "1.0.0",
      "resolved": "https://registry.npmjs.org/x"
    },
    "node_modules/pkg56": {
      "version": "1.0.0",
      "resolved": "https://registry.npmjs.org/x"
    },
    "node_modules/pkg57": {
      "version": "1.0.0",
      "resolved": "https://registry.npmjs.org/x"
    },
    "node_modules/pkg58": {
      "version": "1.0.0",
      "resolved": "https://registry.npmjs.org/x"
    },
    "node_modules/pkg59": {
      "version": "1.0.0",
      "resolved": "https://registry.npmjs.org/x"
    },
    "node_modules/pkg60": {
      "version": "1.0.0",
      "resolved": "https://registry.npmjs.org/x"
    },
    "node_modules/pkg61": {
      "version": "1.0.0",
      "resolved": "https://registry.npmjs.org/x"
    },
    "node_modules/pkg62": {
      "version": "1.0.0",
      "resolved": "https://registry.npmjs.org/x"
    },
    "node_modules/pkg63": {
      "version": "1.0.0",
      "resolved": "https://registry.npmjs.org/x"
    },
    "node_modules/pkg64": {
      "version": "1.0.0",
      "resolved": "https://registry.npmjs.org/x"
    },
    "node_modules/pkg65": {
      "version": "1.0.0",
      "resolved": "https://registry.npmjs.org/x"
    },
    "node_modules/pkg66": {
      "version": "1.0.0",
      "resolved": "https://registry.npmjs.org/x"
    },
    "node_modules/pkg67": {
      "version": "1.0.0",
      "resolved": "https://registry.npmjs.org/x"
    },
    "node_modules/pkg68": {
      "version": "1.0.0",
      "resolved": "https://registry.npmjs.org/x"
    },
    "node_modules/pkg69": {
      "version": "1.0.0",
      "resolved": "https://registry.npmjs.org/x"
    },
    "node_modules/pkg70": {
      "version": "1.0.0",
      "resolved": "https://registry.npmjs.org/x"
    },
    "node_modules/pkg71": {
      "version": "1.0.0",
      "resolved": "https://registry.npmjs.org/x"
    },
    "node_modules/pkg72": {
      "version": "1.0.0",
      "resolved": "https://registry.npmjs.org/x"
    },
    "node_modules/pkg73": {
      "version": "1.0.0",
      "resolved": "https://registry.npmjs.org/x"
    },
    "node_modules/pkg74": {
      "version": "1.0.0",
      "resolved": "https://registry.npmjs.org/x"
    },
    "node_modules/pkg75": {
      "version": "1.0.0",
      "resolved": "https://registry.npmjs.org/x"
    },
    "node_modules/pkg76": {
      "version": "1.0.0",
      "resolved": "https://registry.npmjs.org/x"
    },
    "node_modules/pkg77": {
      "version": "1.0.0",
      "resolved": "https://registry.npmjs.org/x"
    },
    "node_modules/pkg78": {
      "version": "1.0.0",
      "resolved": "https://registry.npmjs.org/x"
    },
    "node_modules/pkg79": {
      "version": "1.0.0",
      "resolved": "https://registry.npmjs.org/x"
    },
    "node_modules/pkg80": {
      "version": "1.0.0",
      "resolved": "https://registry.npmjs.org/x"
    },
    "node_modules/pkg81": {
      "version": "1.0.0",
      "resolved": "https://registry.npmjs.org/x"
    },
    "node_modules/pkg82": {
      "version": "1.0.0",
      "resolved": "https://registry.npmjs.org/x"
    },
    "node_modules/pkg83": {
      "version": "1.0.0",
      "resolved": "https://registry.npmjs.org/x"
    },
    "node_modules/pkg84": {
      "version": "1.0.0",
      "resolved": "https://registry.npmjs.org/x"
    },
    "node_modules/pkg85": {
      "version": "1.0.0",
      "resolved": "https://registry.npmjs.org/x"
    },
    "node_modules/pkg86": {
      "version": "1.0.0",
      "resolved": "https://registry.npmjs.org/x"
    },
    "node_modules/pkg87": {
      "version": "1.0.0",
      "resolved": "https://registry.npmjs.org/x"
    },
    "node_modules/pkg88": {
      "version": "1.0.0",
      "resolved": "https://registry.npmjs.org/x"
    },
    "node_modules/pkg89": {
      "version": "1.0.0",
      "resolved": "https://registry.npmjs.org/x"
    },
    "node_modules/pkg90": {
      "version": "1.0.0",
      "resolved": "https://registry.npmjs.org/x"
    },
    "node_modules/pkg91": {
      "version": "1.0.0",
      "resolved": "https://registry.npmjs.org/x"
    },
    "node_modules/pkg92": {
      "version": "1.0.0",
      "resolved": "https://registry.npmjs.org/x"
    },
    "node_modules/pkg93": {
      "version": "1.0.0",
      "resolved": "https://registry.npmjs.org/x"
    },
    "node_modules/pkg94": {
      "version": "1.0.0",
      "resolved": "https://registry.npmjs.org/x"
    },
    "node_modules/pkg95": {
      "version": "1.0.0",
      "resolved": "https://registry.npmjs.org/x"
    },
    "node_modules/pkg96": {
      "version": "1.0.0",
      "resolved": "https://registry.npmjs.org/x"
    },
    "node_modules/pkg97": {
      "version": "1.0.0",
      "resolved": "https://registry.npmjs.org/x"
    },
    "node_modules/pkg98": {
      "version": "1.0.0",
      "resolved": "https://registry.npmjs.org/x"
    },
    "node_modules/pkg99": {
      "version": "1.0.0",
      "resolved": "https://registry.npmjs.org/x"
    },
    "node_modules/pkg100": {
      "version": "1.0.0",
      "resolved": "https://registry.npmjs.org/x"
    },
    "node_modules/pkg101": {
      "version": "1.0.0",
      "resolved": "https://registry.npmjs.org/x"
    },
    "node_modules/pkg102": {
      "version": "1.0.0",
      "resolved": "https://registry.npmjs.org/x"
    },
    "node_modules/pkg103": {
      "version": "1.0.0",
      "resolved": "https://registry.npmjs.org/x"
    },
    "node_modules/pkg104": {
      "version": "1.0.0",
      "resolved": "https://registry.npmjs.org/x"
    },
    "node_modules/pkg105": {
      "version": "1.0.0",
      "resolved": "https://registry.npmjs.org/x"
    },
    "node_modules/pkg106": {
      "version": "1.0.0",
      "resolved": "https://registry.npmjs.org/x"
    },
    "node_modules/pkg107": {
      "version": "1.0.0",
      "resolved": "https://registry.npmjs.org/x"
    },
    "node_modules/pkg108": {
      "version": "1.0.0",
      "resolved": "https://registry.npmjs.org/x"
    },
    "node_modules/pkg109": {
      "version": "1.0.0",
      "resolved": "https://registry.npmjs.org/x"
    },
    "node_modules/pkg110": {
      "version": "1.0.0",
      "resolved": "https://registry.npmjs.org/x"
    },
    "node_modules/pkg111": {
      "version": "1.0.0",
      "resolved": "https://registry.npmjs.org/x"
    },
    "node_modules/pkg112": {
      "version": "1.0.0",
      "resolved": "https://registry.npmjs.org/x"
    },
    "node_modules/pkg113": {
      "version": "1.0.0",
      "resolved": "https://registry.npmjs.org/x"
    },
    "node_modules/pkg114": {
      "version": "1.0.0",
      "resolved": "https://registry.npmjs.org/x"
    },
    "node_modules/pkg115": {
      "version": "1.0.0",
      "resolved": "https://registry.npmjs.org/x"
    },
    "node_modules/pkg116": {
      "version": "1.0.0",
      "resolved": "https://registry.npmjs.org/x"
    },
    "node_modules/pkg117": {
      "version": "1.0.0",
      "resolved": "https://registry.npmjs.org/x"
    },
    "node_modules/pkg118": {
      "version": "1.0.0",
      "resolved": "https://registry.npmjs.org/x"
    },
    "node_modules/pkg119": {
      "version": "1.0.0",
      "resolved": "https://registry.npmjs.org/x"
    },
    "node_modules/pkg120": {
      "version": "1.0.0",
      "resolved": "https://registry.npmjs.org/x"
    },
    "node_modules/pkg121": {
      "version": "1.0.0",
      "resolved": "https://registry.npmjs.org/x"
    },
    "node_modules/pkg122": {
      "version": "1.0.0",
      "resolved": "https://registry.npmjs.org/x"
    },
    "node_modules/pkg123": {
      "version": "1.0.0",
      "resolved": "https://registry.npmjs.org/x"
    },
    "node_modules/pkg124": {
      "version": "1.0.0",
      "resolved": "https://registry.npmjs.org/x"
    },
    "node_modules/pkg125": {
      "version": "1.0.0",
      "resolved": "https://registry.npmjs.org/x"
    },
    "node_modules/pkg126": {
      "version": "1.0.0",
      "resolved": "https://registry.npmjs.org/x"
    },
    "node_modules/pkg127": {
      "version": "1.0.0",
      "resolved": "https://registry.npmjs.org/x"
    },
    "node_modules/pkg128": {
      "version": "1.0.0",
      "resolved": "https://registry.npmjs.org/x"
    },
    "node_modules/pkg129": {
      "version": "1.0.0",
      "resolved": "https://registry.npmjs.org/x"
    },
    "node_modules/pkg130": {
      "version": "1.0.0",
      "resolved": "https://registry.npmjs.org/x"
    },
    "node_modules/pkg131": {
      "version": "1.0.0",
      "resolved": "https://registry.npmjs.org/x"
    },
    "node_modules/pkg132": {
      "version": "1.0.0",
      "resolved": "https://registry.npmjs.org/x"
    },
    "node_modules/pkg133": {
      "version": "1.0.0",
      "resolved": "https://registry.npmjs.org/x"
    },
    "node_modules/pkg134": {
      "version": "1.0.0",
      "resolved": "https://registry.npmjs.org/x"
    },
    "node_modules/pkg135": {
      "version": "1.0.0",
      "resolved": "https://registry.npmjs.org/x"
    },
    "node_modules/pkg136": {
      "version": "1.0.0",
      "resolved": "https://registry.npmjs.org/x"
    },
    "node_modules/pkg137": {
      "version": "1.0.0",
      "resolved": "https://registry.npmjs.org/x"
    },
    "node_modules/pkg138": {
      "version": "1.0.0",
      "resolved": "https://registry.npmjs.org/x"
    },
    "node_modules/pkg139": {
      "version": "1.0.0",
      "resolved": "https://registry.npmjs.org/x"
    },
    "node_modules/pkg140": {
      "version": "1.0.0",
      "resolved": "https://registry.npmjs.org/x"
    },
    "node_modules/pkg141": {
      "version": "1.0.0",
      "resolved": "https://registry.npmjs.org/x"
    },
    "node_modules/pkg142": {
      "version": "1.0.0",
      "resolved": "https://registry.npmjs.org/x"
    },
    "node_modules/pkg143": {
      "version": "1.0.0",
      "resolved": "https://registry.npmjs.org/x"
    },
    "node_modules/pkg144": {
      "version": "1.0.0",
      "resolved": "https://registry.npmjs.org/x"
    },
    "node_modules/pkg145": {
      "version": "1.0.0",
      "resolved": "https://registry.npmjs.org/x"
    },
    "node_modules/pkg146": {
      "version": "1.0.0",
      "resolved": "https://registry.npmjs.org/x"
    },
    "node_modules/pkg147": {
      "version": "1.0.0",
      "resolved": "https://registry.npmjs.org/x"
    },
    "node_modules/pkg148": {
      "version": "1.0.0",
      "resolved": "https://registry.npmjs.org/x"
    },
    "node_modules/pkg149": {
      "version": "1.0.0",
      "resolved": "https://registry.npmjs.org/x"
    },
    "node_modules/pkg150": {
      "version": "1.0.0",
      "resolved": "https://registry.npmjs.org/x"
    },
    "node_modules/pkg151": {
      "version": "1.0.0",
      "resolved": "https://registry.npmjs.org/x"
    },
    "node_modules/pkg152": {
      "version": "1.0.0",
      "resolved": "https://registry.npmjs.org/x"
    },
    "node_modules/pkg153": {
      "version": "1.0.0",
      "resolved": "https://registry.npmjs.org/x"
    },
    "node_modules/pkg154": {
      "version": "1.0.0",
      "resolved": "https://registry.npmjs.org/x"
    },
    "node_modules/pkg155": {
      "version": "1.0.0",
      "resolved": "https://registry.npmjs.org/x"
    },
    "node_modules/pkg156": {
      "version": "1.0.0",
      "resolved": "https://registry.npmjs.org/x"
    },
    "node_modules/pkg157": {
      "version": "1.0.0",
      "resolved": "https://registry.npmjs.org/x"
    },
    "node_modules/pkg158": {
      "version": "1.0.0",
      "resolved": "https://registry.npmjs.org/x"
    },
    "node_modules/pkg159": {
      "version": "1.0.0",
      "resolved": "https://registry.npmjs.org/x"
    },
    "node_modules/pkg160": {
      "version": "1.0.0",
      "resolved": "https://registry.npmjs.org/x"
    },
    "node_modules/pkg161": {
      "version": "1.0.0",
      "resolved": "https://registry.npmjs.org/x"
    },
    "node_modules/pkg162": {
      "version": "1.0.0",
      "resolved": "https://registry.npmjs.org/x"
    },
    "node_modules/pkg163": {
      "version": "1.0.0",
      "resolved": "https://registry.npmjs.org/x"
    },
    "node_modules/pkg164": {
      "version": "1.0.0",
      "resolved": "https://registry.npmjs.org/x"
    },
    "node_modules/pkg165": {
      "version": "1.0.0",
      "resolved": "https://registry.npmjs.org/x"
    },
    "node_modules/pkg166": {
      "version": "1.0.0",
      "resolved": "https://registry.npmjs.org/x"
    },
    "node_modules/pkg167": {
      "version": "1.0.0",
      "resolved": "https://registry.npmjs.org/x"
    },
    "node_modules/pkg168": {
      "version": "1.0.0",
      "resolved": "https://registry.npmjs.org/x"
    },
    "node_modules/pkg169": {
      "version": "1.0.0",
      "resolved": "https://registry.npmjs.org/x"
    },
    "node_modules/pkg170": {
      "version": "1.0.0",
      "resolved": "https://registry.npmjs.org/x"
    },
    "node_modules/pkg171": {
      "version": "1.0.0",
      "resolved": "https://registry.npmjs.org/x"
    },
    "node_modules/pkg172": {
      "version": "1.0.0",
      "resolved": "https://registry.npmjs.org/x"
    },
    "node_modules/pkg173": {
      "version": "1.0.0",
      "resolved": "https://registry.npmjs.org/x"
    },
    "node_modules/pkg174": {
      "version": "1.0.0",
      "resolved": "https://registry.npmjs.org/x"
    },
    "node_modules/pkg175": {
      "version": "1.0.0",
      "resolved": "https://registry.npmjs.org/x"
    },
    "node_modules/pkg176": {
      "version": "1.0.0",
      "resolved": "https://registry.npmjs.org/x"
    },
    "node_modules/pkg177": {
      "version": "1.0.0",
      "resolved": "https://registry.npmjs.org/x"
    },
    "node_modules/pkg178": {
      "version": "1.0.0",
      "resolved": "https://registry.npmjs.org/x"
    },
    "node_modules/pkg179": {
      "version": "1.0.0",
      "resolved": "https://registry.npmjs.org/x"
    },
    "node_modules/pkg180": {
      "version": "1.0.0",
      "resolved": "https://registry.npmjs.org/x"
    },
    "node_modules/pkg181": {
      "version": "1.0.0",
      "resolved": "https://registry.npmjs.org/x"
    },
    "node_modules/pkg182": {
      "version": "1.0.0",
      "resolved": "https://registry.npmjs.org/x"
    },
    "node_modules/pkg183": {
      "version": "1.0.0",
      "resolved": "https://registry.npmjs.org/x"
    },
    "node_modules/pkg184": {
      "version": "1.0.0",
      "resolved": "https://registry.npmjs.org/x"
    },
    "node_modules/pkg185": {
      "version": "1.0.0",
      "resolved": "https://registry.npmjs.org/x"
    },
    "node_modules/pkg186": {
      "version": "1.0.0",
      "resolved": "https://registry.npmjs.org/x"
    },
    "node_modules/pkg187": {
      "version": "1.0.0",
      "resolved": "https://registry.npmjs.org/x"
    },
    "node_modules/pkg188": {
      "version": "1.0.0",
      "resolved": "https://registry.npmjs.org/x"
    },
    "node_modules/pkg189": {
      "version": "1.0.0",
      "resolved": "https://registry.npmjs.org/x"
    },
    "node_modules/pkg190": {
      "version": "1.0.0",
      "resolved": "https://registry.npmjs.org/x"
    },
    "node_modules/pkg191": {
      "version": "1.0.0",
      "resolved": "https://registry.npmjs.org/x"
    },
    "node_modules/pkg192": {
      "version": "1.0.0",
      "resolved": "https://registry.npmjs.org/x"
    },
    "node_modules/pkg193": {
      "version": "1.0.0",
      "resolved": "https://registry.npmjs.org/x"
    },
    "node_modules/pkg194": {
      "version": "1.0.0",
      "resolved": "https://registry.npmjs.org/x"
    },
    "node_modules/pkg195": {
      "version": "1.0.0",
      "resolved": "https://registry.npmjs.org/x"
    },
    "node_modules/pkg196": {
      "version": "1.0.0",
      "resolved": "https://registry.npmjs.org/x"
    },
    "node_modules/pkg197": {
      "version": "1.0.0",
      "resolved": "https://registry.npmjs.org/x"
    },
    "node_modules/pkg198": {
      "version": "1.0.0",
      "resolved": "https://registry.npmjs.org/x"
    },
    "node_modules/pkg199": {
      "version": "1.0.0",
      "resolved": "https://registry.npmjs.org/x"
    },
    "node_modules/pkg200": {
      "version": "1.0.0",
      "resolved": "https://registry.npmjs.org/x"
    },
    "node_modules/pkg201": {
      "version": "1.0.0",
      "resolved": "https://registry.npmjs.org/x"
    },
    "node_modules/pkg202": {
      "version": "1.0.0",
      "resolved": "https://registry.npmjs.org/x"
    },
    "node_modules/pkg203": {
      "version": "1.0.0",
      "resolved": "https://registry.npmjs.org/x"
    },
    "node_modules/pkg204": {
      "version": "1.0.0",
      "resolved": "https://registry.npmjs.org/x"
    },
    "node_modules/pkg205": {
      "version": "1.0.0",
      "resolved": "https://registry.npmjs.org/x"
    },
    "node_modules/pkg206": {
      "version": "1.0.0",
      "resolved": "https://registry.npmjs.org/x"
    },
    "node_modules/pkg207": {
      "version": "1.0.0",
      "resolved": "https://registry.npmjs.org/x"
    },
    "node_modules/pkg208": {
      "version": "1.0.0",
      "resolved": "https://registry.npmjs.org/x"
    },
    "node_modules/pkg209": {
      "version": "1.0.0",
      "resolved": "https://registry.npmjs.org/x"
    },
    "node_modules/pkg210": {
      "version": "1.0.0",
      "resolved": "https://registry.npmjs.org/x"
    },
    "node_modules/pkg211": {
      "version": "1.0.0",
      "resolved": "https://registry.npmjs.org/x"
    },
    "node_modules/pkg212": {
      "version": "1.0.0",
      "resolved": "https://registry.npmjs.org/x"
    },
    "node_modules/pkg213": {
      "version": "1.0.0",
      "resolved": "https://registry.npmjs.org/x"
    },
    "node_modules/pkg214": {
      "version": "1.0.0",
      "resolved": "https://registry.npmjs.org/x"
    },
    "node_modules/pkg215": {
      "version": "1.0.0",
      "resolved": "https://registry.npmjs.org/x"
    },
    "node_modules/pkg216": {
      "version": "1.0.0",
      "resolved": "https://registry.npmjs.org/x"
    },
    "node_modules/pkg217": {
      "version": "1.0.0",
      "resolved": "https://registry.npmjs.org/x"
    },
    "node_modules/pkg218": {
      "version": "1.0.0",
      "resolved": "https://registry.npmjs.org/x"
    },
    "node_modules/pkg219": {
      "version": "1.0.0",
      "resolved": "https://registry.npmjs.org/x"
    },
    "node_modules/pkg220": {
      "version": "1.0.0",
      "resolved": "https://registry.npmjs.org/x"
    },
    "node_modules/pkg221": {
      "version": "1.0.0",
      "resolved": "https://registry.npmjs.org/x"
    },
    "node_modules/pkg222": {
      "version": "1.0.0",
      "resolved": "https://registry.npmjs.org/x"
    },
    "node_modules/pkg223": {
      "version": "1.0.0",
      "resolved": "https://registry.npmjs.org/x"
    },
    "node_modules/pkg224": {
      "version": "1.0.0",
      "resolved": "https://registry.npmjs.org/x"
    },
    "node_modules/pkg225": {
      "version": "1.0.0",
      "resolved": "https://registry.npmjs.org/x"
    },
    "node_modules/pkg226": {
      "version": "1.0.0",
      "resolved": "https://registry.npmjs.org/x"
    },
    "node_modules/pkg227": {
      "version": "1.0.0",
      "resolved": "https://registry.npmjs.org/x"
    },
    "node_modules/pkg228": {
      "version": "1.0.0",
      "resolved": "https://registry.npmjs.org/x"
    },
    "node_modules/pkg229": {
      "version": "1.0.0",
      "resolved": "https://registry.npmjs.org/x"
    },
    "node_modules/pkg230": {
      "version": "1.0.0",
      "resolved": "https://registry.npmjs.org/x"
    },
    "node_modules/pkg231": {
      "version": "1.0.0",
      "resolved": "https://registry.npmjs.org/x"
    },
    "node_modules/pkg232": {
      "version": "1.0.0",
      "resolved": "https://registry.npmjs.org/x"
    },
    "node_modules/pkg233": {
      "version": "1.0.0",
      "resolved": "https://registry.npmjs.org/x"
    },
    "node_modules/pkg234": {
      "version": "1.0.0",
      "resolved": "https://registry.npmjs.org/x"
    },
    "node_modules/pkg235": {
      "version": "1.0.0",
      "resolved": "https://registry.npmjs.org/x"
    },
    "node_modules/pkg236": {
      "version": "1.0.0",
      "resolved": "https://registry.npmjs.org/x"
    },
    "node_modules/pkg237": {
      "version": "1.0.0",
      "resolved": "https://registry.npmjs.org/x"
    },
    "node_modules/pkg238": {
      "version": "1.0.0",
      "resolved": "https://registry.npmjs.org/x"
    },
    "node_modules/pkg239": {
      "version": "1.0.0",
      "resolved": "https://registry.npmjs.org/x"
    },
    "node_modules/pkg240": {
      "version": "1.0.0",
      "resolved": "https://registry.npmjs.org/x"
    },
    "node_modules/pkg241": {
      "version": "1.0.0",
      "resolved": "https://registry.npmjs.org/x"
    },
    "node_modules/pkg242": {
      "version": "1.0.0",
      "resolved": "https://registry.npmjs.org/x"
    },
    "node_modules/pkg243": {
      "version": "1.0.0",
      "resolved": "https://registry.npmjs.org/x"
    },
    "node_modules/pkg244": {
      "version": "1.0.0",
      "resolved": "https://registry.npmjs.org/x"
    },
    "node_modules/pkg245": {
      "version": "1.0.0",
      "resolved": "https://registry.npmjs.org/x"
    },
    "node_modules/pkg246": {
      "version": "1.0.0",
      "resolved": "https://registry.npmjs.org/x"
    },
    "node_modules/pkg247": {
      "version": "1.0.0",
      "resolved": "https://registry.npmjs.org/x"
    },
    "node_modules/pkg248": {
      "version": "1.0.0",
      "resolved": "https://registry.npmjs.org/x"
    },
    "node_modules/pkg249": {
      "version": "1.0.0",
      "resolved": "https://registry.npmjs.org/x"
    },
    "node_modules/pkg250": {
      "version": "1.0.0",
      "resolved": "https://registry.npmjs.org/x"
    },
    "node_modules/pkg251": {
      "version": "1.0.0",
      "resolved": "https://registry.npmjs.org/x"
    },
    "node_modules/pkg252": {
      "version": "1.0.0",
      "resolved": "https://registry.npmjs.org/x"
    },
    "node_modules/pkg253": {
      "version": "1.0.0",
      "resolved": "https://registry.npmjs.org/x"
    },
    "node_modules/pkg254": {
      "version": "1.0.0",
      "resolved": "https://registry.npmjs.org/x"
    },
    "node_modules/pkg255": {
      "version": "1.0.0",
      "resolved": "https://registry.npmjs.org/x"
    },
    "node_modules/pkg256": {
      "version": "1.0.0",
      "resolved": "https://registry.npmjs.org/x"
    },
    "node_modules/pkg257": {
      "version": "1.0.0",
      "resolved": "https://registry.npmjs.org/x"
    },
    "node_modules/pkg258": {
      "version": "1.0.0",
      "resolved": "https://registry.npmjs.org/x"
    },
    "node_modules/pkg259": {
      "version": "1.0.0",
      "resolved": "https://registry.npmjs.org/x"
    },
    "node_modules/pkg260": {
      "version": "1.0.0",
      "resolved": "https://registry.npmjs.org/x"
    },
    "node_modules/pkg261": {
      "version": "1.0.0",
      "resolved": "https://registry.npmjs.org/x"
    },
    "node_modules/pkg262": {
      "version": "1.0.0",
      "resolved": "https://registry.npmjs.org/x"
    },
    "node_modules/pkg263": {
      "version": "1.0.0",
      "resolved": "https://registry.npmjs.org/x"
    },
    "node_modules/pkg264": {
      "version": "1.0.0",
      "resolved": "https://registry.npmjs.org/x"
    },
    "node_modules/pkg265": {
      "version": "1.0.0",
      "resolved": "https://registry.npmjs.org/x"
    },
    "node_modules/pkg266": {
      "version": "1.0.0",
      "resolved": "https://registry.npmjs.org/x"
    },
    "node_modules/pkg267": {
      "version": "1.0.0",
      "resolved": "https://registry.npmjs.org/x"
    },
    "node_modules/pkg268": {
      "version": "1.0.0",
      "resolved": "https://registry.npmjs.org/x"
    },
    "node_modules/pkg269": {
      "version": "1.0.0",
      "resolved": "https://registry.npmjs.org/x"
    },
    "node_modules/pkg270": {
      "version": "1.0.0",
      "resolved": "https://registry.npmjs.org/x"
    },
    "node_modules/pkg271": {
      "version": "1.0.0",
      "resolved": "https://registry.npmjs.org/x"
    },
    "node_modules/pkg272": {
      "version": "1.0.0",
      "resolved": "https://registry.npmjs.org/x"
    },
    "node_modules/pkg273": {
      "version": "1.0.0",
      "resolved": "https://registry.npmjs.org/x"
    },
    "node_modules/pkg274": {
      "version": "1.0.0",
      "resolved": "https://registry.npmjs.org/x"
    },
    "node_modules/pkg275": {
      "version": "1.0.0",
      "resolved": "https://registry.npmjs.org/x"
    },
    "node_modules/pkg276": {
      "version": "1.0.0",
      "resolved": "https://registry.npmjs.org/x"
    },
    "node_modules/pkg277": {
      "version": "1.0.0",
      "resolved": "https://registry.npmjs.org/x"
    },
    "node_modules/pkg278": {
      "version": "1.0.0",
      "resolved": "https://registry.npmjs.org/x"
    },
    "node_modules/pkg279": {
      "version": "1.0.0",
      "resolved": "https://registry.npmjs.org/x"
    },
    "node_modules/pkg280": {
      "version": "1.0.0",
      "resolved": "https://registry.npmjs.org/x"
    },
    "node_modules/pkg281": {
      "version": "1.0.0",
      "resolved": "https://registry.npmjs.org/x"
    },
    "node_modules/pkg282": {
      "version": "1.0.0",
      "resolved": "https://registry.npmjs.org/x"
    },
    "node_modules/pkg283": {
      "version": "1.0.0",
      "resolved": "https://registry.npmjs.org/x"
    },
    "node_modules/pkg284": {
      "version": "1.0.0",
      "resolved": "https://registry.npmjs.org/x"
    },
    "node_modules/pkg285": {
      "version": "1.0.0",
      "resolved": "https://registry.npmjs.org/x"
    },
    "node_modules/pkg286": {
      "version": "1.0.0",
      "resolved": "https://registry.npmjs.org/x"
    },
    "node_modules/pkg287": {
      "version": "1.0.0",
      "resolved": "https://registry.npmjs.org/x"
    },
    "node_modules/pkg288": {
      "version": "1.0.0",
      "resolved": "https://registry.npmjs.org/x"
    },
    "node_modules/pkg289": {
      "version": "1.0.0",
      "resolved": "https://registry.npmjs.org/x"
    },
    "node_modules/pkg290": {
      "version": "1.0.0",
      "resolved": "https://registry.npmjs.org/x"
    },
    "node_modules/pkg291": {
      "version": "1.0.0",
      "resolved": "https://registry.npmjs.org/x"
    },
    "node_modules/pkg292": {
      "version": "1.0.0",
      "resolved": "https://registry.npmjs.org/x"
    },
    "node_modules/pkg293": {
      "version": "1.0.0",
      "resolved": "https://registry.npmjs.org/x"
    },
    "node_modules/pkg294": {
      "version": "1.0.0",
      "resolved": "https://registry.npmjs.org/x"
    },
    "node_modules/pkg295": {
      "version": "1.0.0",
      "resolved": "https://registry.npmjs.org/x"
    },
    "node_modules/pkg296": {
      "version": "1.0.0",
      "resolved": "https://registry.npmjs.org/x"
    },
    "node_modules/pkg297": {
      "version": "1.0.0",
      "resolved": "https://registry.npmjs.org/x"
    },
    "node_modules/pkg298": {
      "version": "1.0.0",
      "resolved": "https://registry.npmjs.org/x"
    },
    "node_modules/pkg299": {
      "version": "1.0.0",
      "resolved": "https://registry.npmjs.org/x"
    },
    "node_modules/pkg300": {
      "version": "1.0.0",
      "resolved": "https://registry.npmjs.org/x"
    },
    "node_modules/pkg301": {
      "version": "1.0.0",
      "resolved": "https://registry.npmjs.org/x"
    },
    "node_modules/pkg302": {
      "version": "1.0.0",
      "resolved": "https://registry.npmjs.org/x"
    },
    "node_modules/pkg303": {
      "version": "1.0.0",
      "resolved": "https://registry.npmjs.org/x"
    },
    "node_modules/pkg304": {
      "version": "1.0.0",
      "resolved": "https://registry.npmjs.org/x"
    },
    "node_modules/pkg305": {
      "version": "1.0.0",
      "resolved": "https://registry.npmjs.org/x"
    },
    "node_modules/pkg306": {
      "version": "1.0.0",
      "resolved": "https://registry.npmjs.org/x"
    },
    "node_modules/pkg307": {
      "version": "1.0.0",
      "resolved": "https://registry.npmjs.org/x"
    },
    "node_modules/pkg308": {
      "version": "1.0.0",
      "resolved": "https://registry.npmjs.org/x"
    },
    "node_modules/pkg309": {
      "version": "1.0.0",
      "resolved": "https://registry.npmjs.org/x"
    },
    "node_modules/pkg310": {
      "version": "1.0.0",
      "resolved": "https://registry.npmjs.org/x"
    },
    "node_modules/pkg311": {
      "version": "1.0.0",
      "resolved": "https://registry.npmjs.org/x"
    },
    "node_modules/pkg312": {
      "version": "1.0.0",
      "resolved": "https://registry.npmjs.org/x"
    },
    "node_modules/pkg313": {
      "version": "1.0.0",
      "resolved": "https://registry.npmjs.org/x"
    },
    "node_modules/pkg314": {
      "version": "1.0.0",
      "resolved": "https://registry.npmjs.org/x"
    },
    "node_modules/pkg315": {
      "version": "1.0.0",
      "resolved": "https://registry.npmjs.org/x"
    },
    "node_modules/pkg316": {
      "version": "1.0.0",
      "resolved": "https://registry.npmjs.org/x"
    },
    "node_modules/pkg317": {
      "version": "1.0.0",
      "resolved": "https://registry.npmjs.org/x"
    },
    "node_modules/pkg318": {
      "version": "1.0.0",
      "resolved": "https://registry.npmjs.org/x"
    },
    "node_modules/pkg319": {
      "version": "1.0.0",
      "resolved": "https://registry.npmjs.org/x"
    },
    "node_modules/pkg320": {
      "version": "1.0.0",
      "resolved": "https://registry.npmjs.org/x"
    },
    "node_modules/pkg321": {
      "version": "1.0.0",
      "resolved": "https://registry.npmjs.org/x"
    },
    "node_modules/pkg322": {
      "version": "1.0.0",
      "resolved": "https://registry.npmjs.org/x"
    },
    "node_modules/pkg323": {
      "version": "1.0.0",
      "resolved": "https://registry.npmjs.org/x"
    },
    "node_modules/pkg324": {
      "version": "1.0.0",
      "resolved": "https://registry.npmjs.org/x"
    },
    "node_modules/pkg325": {
      "version": "1.0.0",
      "resolved": "https://registry.npmjs.org/x"
    },
    "node_modules/pkg326": {
      "version": "1.0.0",
      "resolved": "https://registry.npmjs.org/x"
    },
    "node_modules/pkg327": {
      "version": "1.0.0",
      "resolved": "https://registry.npmjs.org/x"
    },
    "node_modules/pkg328": {
      "version": "1.0.0",
      "resolved": "https://registry.npmjs.org/x"
    },
    "node_modules/pkg329": {
      "version": "1.0.0",
      "resolved": "https://registry.npmjs.org/x"
    },
    "node_modules/pkg330": {
      "version": "1.0.0",
      "resolved": "https://registry.npmjs.org/x"
    },
    "node_modules/pkg331": {
      "version": "1.0.0",
      "resolved": "https://registry.npmjs.org/x"
    },
    "node_modules/pkg332": {
      "version": "1.0.0",
      "resolved": "https://registry.npmjs.org/x"
    },
    "node_modules/pkg333": {
      "version": "1.0.0",
      "resolved": "https://registry.npmjs.org/x"
    },
    "node_modules/pkg334": {
      "version": "1.0.0",
      "resolved": "https://registry.npmjs.org/x"
    },
    "node_modules/pkg335": {
      "version": "1.0.0",
      "resolved": "https://registry.npmjs.org/x"
    },
    "node_modules/pkg336": {
      "version": "1.0.0",
      "resolved": "https://registry.npmjs.org/x"
    },
    "node_modules/pkg337": {
      "version": "1.0.0",
      "resolved": "https://registry.npmjs.org/x"
    },
    "node_modules/pkg338": {
      "version": "1.0.0",
      "resolved": "https://registry.npmjs.org/x"
    },
    "node_modules/pkg339": {
      "version": "1.0.0",
      "resolved": "https://registry.npmjs.org/x"
    },
    "node_modules/pkg340": {
      "version": "1.0.0",
      "resolved": "https://registry.npmjs.org/x"
    },
    "node_modules/pkg341": {
      "version": "1.0.0",
      "resolved": "https://registry.npmjs.org/x"
    },
    "node_modules/pkg342": {
      "version": "1.0.0",
      "resolved": "https://registry.npmjs.org/x"
    },
    "node_modules/pkg343": {
      "version": "1.0.0",
      "resolved": "https://registry.npmjs.org/x"
    },
    "node_modules/pkg344": {
      "version": "1.0.0",
      "resolved": "https://registry.npmjs.org/x"
    },
    "node_modules/pkg345": {
      "version": "1.0.0",
      "resolved": "https://registry.npmjs.org/x"
    },
    "node_modules/pkg346": {
      "version": "1.0.0",
      "resolved": "https://registry.npmjs.org/x"
    },
    "node_modules/pkg347": {
      "version": "1.0.0",
      "resolved": "https://registry.npmjs.org/x"
    },
    "node_modules/pkg348": {
      "version": "1.0.0",
      "resolved": "https://registry.npmjs.org/x"
    },
    "node_modules/pkg349": {
      "version": "1.0.0",
      "resolved": "https://registry.npmjs.org/x"
    },
    "node_modules/pkg350": {
      "version": "1.0.0",
      "resolved": "https://registry.npmjs.org/x"
    },
    "node_modules/pkg351": {
      "version": "1.0.0",
      "resolved": "https://registry.npmjs.org/x"
    },
    "node_modules/pkg352": {
      "version": "1.0.0",
      "resolved": "https://registry.npmjs.org/x"
    },
    "node_modules/pkg353": {
      "version": "1.0.0",
      "resolved": "https://registry.npmjs.org/x"
    },
    "node_modules/pkg354": {
      "version": "1.0.0",
      "resolved": "https://registry.npmjs.org/x"
    },
    "node_modules/pkg355": {
      "version": "1.0.0",
      "resolved": "https://registry.npmjs.org/x"
    },
    "node_modules/pkg356": {
      "version": "1.0.0",
      "resolved": "https://registry.npmjs.org/x"
    },
    "node_modules/pkg357": {
      "version": "1.0.0",
      "resolved": "https://registry.npmjs.org/x"
    },
    "node_modules/pkg358": {
      "version": "1.0.0",
      "resolved": "https://registry.npmjs.org/x"
    },
    "node_modules/pkg359": {
      "version": "1.0.0",
      "resolved": "https://registry.npmjs.org/x"
    },
    "node_modules/pkg360": {
      "version": "1.0.0",
      "resolved": "https://registry.npmjs.org/x"
    },
    "node_modules/pkg361": {
      "version": "1.0.0",
      "resolved": "https://registry.npmjs.org/x"
    },
    "node_modules/pkg362": {
      "version": "1.0.0",
      "resolved": "https://registry.npmjs.org/x"
    },
    "node_modules/pkg363": {
      "version": "1.0.0",
      "resolved": "https://registry.npmjs.org/x"
    },
    "node_modules/pkg364": {
      "version": "1.0.0",
      "resolved": "https://registry.npmjs.org/x"
    },
    "node_modules/pkg365": {
      "version": "1.0.0",
      "resolved": "https://registry.npmjs.org/x"
    },
    "node_modules/pkg366": {
      "version": "1.0.0",
      "resolved": "https://registry.npmjs.org/x"
    },
    "node_modules/pkg367": {
      "version": "1.0.0",
      "resolved": "https://registry.npmjs.org/x"
    },
    "node_modules/pkg368": {
      "version": "1.0.0",
      "resolved": "https://registry.npmjs.org/x"
    },
    "node_modules/pkg369": {
      "version": "1.0.0",
      "resolved": "https://registry.npmjs.org/x"
    },
    "node_modules/pkg370": {
      "version": "1.0.0",
      "resolved": "https://registry.npmjs.org/x"
    },
    "node_modules/pkg371": {
      "version": "1.0.0",
      "resolved": "https://registry.npmjs.org/x"
    },
    "node_modules/pkg372": {
      "version": "1.0.0",
      "resolved": "https://registry.npmjs.org/x"
    },
    "node_modules/pkg373": {
      "version": "1.0.0",
      "resolved": "https://registry.npmjs.org/x"
    },
    "node_modules/pkg374": {
      "version": "1.0.0",
      "resolved": "https://registry.npmjs.org/x"
    },
    "node_modules/pkg375": {
      "version": "1.0.0",
      "resolved": "https://registry.npmjs.org/x"
    },
    "node_modules/pkg376": {
      "version": "1.0.0",
      "resolved": "https://registry.npmjs.org/x"
    },
    "node_modules/pkg377": {
      "version": "1.0.0",
      "resolved": "https://registry.npmjs.org/x"
    },
    "node_modules/pkg378": {
      "version": "1.0.0",
      "resolved": "https://registry.npmjs.org/x"
    },
    "node_modules/pkg379": {
      "version": "1.0.0",
      "resolved": "https://registry.npmjs.org/x"
    },
    "node_modules/pkg380": {
      "version": "1.0.0",
      "resolved": "https://registry.npmjs.org/x"
    },
    "node_modules/pkg381": {
      "version": "1.0.0",
      "resolved": "https://registry.npmjs.org/x"
    },
    "node_modules/pkg382": {
      "version": "1.0.0",
      "resolved": "https://registry.npmjs.org/x"
    },
    "node_modules/pkg383": {
      "version": "1.0.0",
      "resolved": "https://registry.npmjs.org/x"
    },
    "node_modules/pkg384": {
      "version": "1.0.0",
      "resolved": "https://registry.npmjs.org/x"
    },
    "node_modules/pkg385": {
      "version": "1.0.0",
      "resolved": "https://registry.npmjs.org/x"
    },
    "node_modules/pkg386": {
      "version": "1.0.0",
      "resolved": "https://registry.npmjs.org/x"
    },
    "node_modules/pkg387": {
      "version": "1.0.0",
      "resolved": "https://registry.npmjs.org/x"
    },
    "node_modules/pkg388": {
      "version": "1.0.0",
      "resolved": "https://registry.npmjs.org/x"
    },
    "node_modules/pkg389": {
      "version": "1.0.0",
      "resolved": "https://registry.npmjs.org/x"
    },
    "node_modules/pkg390": {
      "version": "1.0.0",
      "resolved": "https://registry.npmjs.org/x"
    },
    "node_modules/pkg391": {
      "version": "1.0.0",
      "resolved": "https://registry.npmjs.org/x"
    },
    "node_modules/pkg392": {
      "version": "1.0.0",
      "resolved": "https://registry.npmjs.org/x"
    },
    "node_modules/pkg393": {
      "version": "1.0.0",
      "resolved": "https://registry.npmjs.org/x"
    },
    "node_modules/pkg394": {
      "version": "1.0.0",
      "resolved": "https://registry.npmjs.org/x"
    },
    "node_modules/pkg395": {
      "version": "1.0.0",
      "resolved": "https://registry.npmjs.org/x"
    },
    "node_modules/pkg396": {
      "version": "1.0.0",
      "resolved": "https://registry.npmjs.org/x"
    },
    "node_modules/pkg397": {
      "version": "1.0.0",
      "resolved": "https://registry.npmjs.org/x"
    },
    "node_modules/pkg398": {
      "version": "1.0.0",
      "resolved": "https://registry.npmjs.org/x"
    },
    "node_modules/pkg399": {
      "version": "1.0.0",
      "resolved": "https://registry.npmjs.org/x"
    }
  }
}